// !$*UTF8*$!
{
	archiveVersion = 1;
	classes = {
	};
	objectVersion = 51;
	objects = {

/* Begin PBXBuildFile section */
		020A03B625C2ABBD00C6ECCA /* HUDVC.swift in Sources */ = {isa = PBXBuildFile; fileRef = 020A03B525C2ABBD00C6ECCA /* HUDVC.swift */; };
		020A03BB25C2AC5B00C6ECCA /* SVIndefiniteAnimatedView.m in Sources */ = {isa = PBXBuildFile; fileRef = 020A03B925C2AC5B00C6ECCA /* SVIndefiniteAnimatedView.m */; };
		020A03C325C2CC5800C6ECCA /* HUD.swift in Sources */ = {isa = PBXBuildFile; fileRef = 020A03C225C2CC5800C6ECCA /* HUD.swift */; };
		02183F7425B2D8AF00905BE7 /* PresetationDemoVC.swift in Sources */ = {isa = PBXBuildFile; fileRef = 02183F7325B2D8AF00905BE7 /* PresetationDemoVC.swift */; };
		02183F7825B2DEE600905BE7 /* DimPresentationVC.swift in Sources */ = {isa = PBXBuildFile; fileRef = 02183F7725B2DEE600905BE7 /* DimPresentationVC.swift */; };
		02183F7B25B2DF7500905BE7 /* PayPasswordVC.swift in Sources */ = {isa = PBXBuildFile; fileRef = 02183F7A25B2DF7500905BE7 /* PayPasswordVC.swift */; };
		022EFCC7259D63ED0074237E /* WebviewVC.swift in Sources */ = {isa = PBXBuildFile; fileRef = 022EFCC6259D63ED0074237E /* WebviewVC.swift */; };
		0230EB042599F5DC008353D7 /* ImageTextVC.swift in Sources */ = {isa = PBXBuildFile; fileRef = 0230EB032599F5DC008353D7 /* ImageTextVC.swift */; };
		02528096257F8DFA0073D5E1 /* PopoverVC.swift in Sources */ = {isa = PBXBuildFile; fileRef = 02528095257F8DFA0073D5E1 /* PopoverVC.swift */; };
		0252809A257F95F50073D5E1 /* IteamsVC.swift in Sources */ = {isa = PBXBuildFile; fileRef = 02528099257F95F50073D5E1 /* IteamsVC.swift */; };
		0256426A257F6851002E97FA /* Table.swift in Sources */ = {isa = PBXBuildFile; fileRef = 02564269257F6851002E97FA /* Table.swift */; };
		0256426D257F6885002E97FA /* SubTable.swift in Sources */ = {isa = PBXBuildFile; fileRef = 0256426C257F6885002E97FA /* SubTable.swift */; };
		02564270257F6984002E97FA /* GenericsVC.swift in Sources */ = {isa = PBXBuildFile; fileRef = 0256426F257F6984002E97FA /* GenericsVC.swift */; };
		0256B2802563BCC3003F87E5 /* PageDemoVC.swift in Sources */ = {isa = PBXBuildFile; fileRef = 0256B27F2563BCC3003F87E5 /* PageDemoVC.swift */; };
		0256B2842563BD00003F87E5 /* PageVC.swift in Sources */ = {isa = PBXBuildFile; fileRef = 0256B2832563BD00003F87E5 /* PageVC.swift */; };
		025E46DA255D00EE00DDAAA9 /* AppDelegate.swift in Sources */ = {isa = PBXBuildFile; fileRef = 025E46D9255D00EE00DDAAA9 /* AppDelegate.swift */; };
		025E46E3255D00F000DDAAA9 /* Assets.xcassets in Resources */ = {isa = PBXBuildFile; fileRef = 025E46E2255D00F000DDAAA9 /* Assets.xcassets */; };
		025E46E6255D00F000DDAAA9 /* LaunchScreen.storyboard in Resources */ = {isa = PBXBuildFile; fileRef = 025E46E4255D00F000DDAAA9 /* LaunchScreen.storyboard */; };
		025E46F3255D01C500DDAAA9 /* NavigationController.swift in Sources */ = {isa = PBXBuildFile; fileRef = 025E46F2255D01C500DDAAA9 /* NavigationController.swift */; };
		025E46F6255D021A00DDAAA9 /* TableViewController.swift in Sources */ = {isa = PBXBuildFile; fileRef = 025E46F5255D021A00DDAAA9 /* TableViewController.swift */; };
		025E46FA255D0AA300DDAAA9 /* TestItem.swift in Sources */ = {isa = PBXBuildFile; fileRef = 025E46F9255D0AA300DDAAA9 /* TestItem.swift */; };
		02620B4E257DBD6F00117042 /* SearchBarVC.swift in Sources */ = {isa = PBXBuildFile; fileRef = 02620B4D257DBD6F00117042 /* SearchBarVC.swift */; };
		02620B52257DBD8500117042 /* SearchResultVC1.swift in Sources */ = {isa = PBXBuildFile; fileRef = 02620B51257DBD8500117042 /* SearchResultVC1.swift */; };
		02674CC3255E117000F1A1AE /* MetatypeVC.swift in Sources */ = {isa = PBXBuildFile; fileRef = 02674CC2255E117000F1A1AE /* MetatypeVC.swift */; };
		02674CC6255E144100F1A1AE /* BaseViewController.swift in Sources */ = {isa = PBXBuildFile; fileRef = 02674CC5255E144100F1A1AE /* BaseViewController.swift */; };
		02674CCA255E18B000F1A1AE /* Smiley.swift in Sources */ = {isa = PBXBuildFile; fileRef = 02674CC9255E18B000F1A1AE /* Smiley.swift */; };
		02674CCF255E767000F1A1AE /* LazyLoadingVC.swift in Sources */ = {isa = PBXBuildFile; fileRef = 02674CCE255E767000F1A1AE /* LazyLoadingVC.swift */; };
		02674CD5255E779700F1A1AE /* LazyObject.swift in Sources */ = {isa = PBXBuildFile; fileRef = 02674CD4255E779700F1A1AE /* LazyObject.swift */; };
		02987F6A257F71CD00537D47 /* SearchResultVC.swift in Sources */ = {isa = PBXBuildFile; fileRef = 02987F68257F71CD00537D47 /* SearchResultVC.swift */; };
		02987F6B257F71CD00537D47 /* ContainSearchBarVC.swift in Sources */ = {isa = PBXBuildFile; fileRef = 02987F69257F71CD00537D47 /* ContainSearchBarVC.swift */; };
		02C7B9E0256204DB008416F3 /* Team.swift in Sources */ = {isa = PBXBuildFile; fileRef = 02C7B9DF256204DB008416F3 /* Team.swift */; };
		02C7B9E4256205C5008416F3 /* CodableDemoVC.swift in Sources */ = {isa = PBXBuildFile; fileRef = 02C7B9E3256205C5008416F3 /* CodableDemoVC.swift */; };
		02C7B9E725624D3F008416F3 /* User.swift in Sources */ = {isa = PBXBuildFile; fileRef = 02C7B9E625624D3F008416F3 /* User.swift */; };
		02EEDD8B256BA199002BE779 /* CollectionViewVC.swift in Sources */ = {isa = PBXBuildFile; fileRef = 02EEDD8A256BA199002BE779 /* CollectionViewVC.swift */; };
		589947AD7CC4D0136F2EE313 /* Pods_SwiftTestbed.framework in Frameworks */ = {isa = PBXBuildFile; fileRef = 8F8B312D5049E3DFFE3D61BE /* Pods_SwiftTestbed.framework */; };
/* End PBXBuildFile section */

/* Begin PBXFileReference section */
		020A03B525C2ABBD00C6ECCA /* HUDVC.swift */ = {isa = PBXFileReference; lastKnownFileType = sourcecode.swift; path = HUDVC.swift; sourceTree = "<group>"; };
		020A03B825C2AC5A00C6ECCA /* SwiftTestbed-Bridging-Header.h */ = {isa = PBXFileReference; lastKnownFileType = sourcecode.c.h; path = "SwiftTestbed-Bridging-Header.h"; sourceTree = "<group>"; };
		020A03B925C2AC5B00C6ECCA /* SVIndefiniteAnimatedView.m */ = {isa = PBXFileReference; fileEncoding = 4; lastKnownFileType = sourcecode.c.objc; path = SVIndefiniteAnimatedView.m; sourceTree = "<group>"; };
		020A03BA25C2AC5B00C6ECCA /* SVIndefiniteAnimatedView.h */ = {isa = PBXFileReference; fileEncoding = 4; lastKnownFileType = sourcecode.c.h; path = SVIndefiniteAnimatedView.h; sourceTree = "<group>"; };
		020A03C225C2CC5800C6ECCA /* HUD.swift */ = {isa = PBXFileReference; lastKnownFileType = sourcecode.swift; path = HUD.swift; sourceTree = "<group>"; };
		02183F7325B2D8AF00905BE7 /* PresetationDemoVC.swift */ = {isa = PBXFileReference; lastKnownFileType = sourcecode.swift; path = PresetationDemoVC.swift; sourceTree = "<group>"; };
		02183F7725B2DEE600905BE7 /* DimPresentationVC.swift */ = {isa = PBXFileReference; lastKnownFileType = sourcecode.swift; path = DimPresentationVC.swift; sourceTree = "<group>"; };
		02183F7A25B2DF7500905BE7 /* PayPasswordVC.swift */ = {isa = PBXFileReference; lastKnownFileType = sourcecode.swift; path = PayPasswordVC.swift; sourceTree = "<group>"; };
		022EFCC6259D63ED0074237E /* WebviewVC.swift */ = {isa = PBXFileReference; lastKnownFileType = sourcecode.swift; path = WebviewVC.swift; sourceTree = "<group>"; };
		0230EB032599F5DC008353D7 /* ImageTextVC.swift */ = {isa = PBXFileReference; lastKnownFileType = sourcecode.swift; path = ImageTextVC.swift; sourceTree = "<group>"; };
		02528095257F8DFA0073D5E1 /* PopoverVC.swift */ = {isa = PBXFileReference; lastKnownFileType = sourcecode.swift; path = PopoverVC.swift; sourceTree = "<group>"; };
		02528099257F95F50073D5E1 /* IteamsVC.swift */ = {isa = PBXFileReference; lastKnownFileType = sourcecode.swift; path = IteamsVC.swift; sourceTree = "<group>"; };
		02564269257F6851002E97FA /* Table.swift */ = {isa = PBXFileReference; lastKnownFileType = sourcecode.swift; path = Table.swift; sourceTree = "<group>"; };
		0256426C257F6885002E97FA /* SubTable.swift */ = {isa = PBXFileReference; lastKnownFileType = sourcecode.swift; path = SubTable.swift; sourceTree = "<group>"; };
		0256426F257F6984002E97FA /* GenericsVC.swift */ = {isa = PBXFileReference; lastKnownFileType = sourcecode.swift; path = GenericsVC.swift; sourceTree = "<group>"; };
		0256B27F2563BCC3003F87E5 /* PageDemoVC.swift */ = {isa = PBXFileReference; lastKnownFileType = sourcecode.swift; path = PageDemoVC.swift; sourceTree = "<group>"; };
		0256B2832563BD00003F87E5 /* PageVC.swift */ = {isa = PBXFileReference; lastKnownFileType = sourcecode.swift; path = PageVC.swift; sourceTree = "<group>"; };
		025E46D6255D00EE00DDAAA9 /* SwiftTestbed.app */ = {isa = PBXFileReference; explicitFileType = wrapper.application; includeInIndex = 0; path = SwiftTestbed.app; sourceTree = BUILT_PRODUCTS_DIR; };
		025E46D9255D00EE00DDAAA9 /* AppDelegate.swift */ = {isa = PBXFileReference; lastKnownFileType = sourcecode.swift; path = AppDelegate.swift; sourceTree = "<group>"; };
		025E46E2255D00F000DDAAA9 /* Assets.xcassets */ = {isa = PBXFileReference; lastKnownFileType = folder.assetcatalog; path = Assets.xcassets; sourceTree = "<group>"; };
		025E46E5255D00F000DDAAA9 /* Base */ = {isa = PBXFileReference; lastKnownFileType = file.storyboard; name = Base; path = Base.lproj/LaunchScreen.storyboard; sourceTree = "<group>"; };
		025E46E7255D00F000DDAAA9 /* Info.plist */ = {isa = PBXFileReference; lastKnownFileType = text.plist.xml; path = Info.plist; sourceTree = "<group>"; };
		025E46F2255D01C500DDAAA9 /* NavigationController.swift */ = {isa = PBXFileReference; fileEncoding = 4; lastKnownFileType = sourcecode.swift; path = NavigationController.swift; sourceTree = "<group>"; };
		025E46F5255D021A00DDAAA9 /* TableViewController.swift */ = {isa = PBXFileReference; lastKnownFileType = sourcecode.swift; path = TableViewController.swift; sourceTree = "<group>"; };
		025E46F9255D0AA300DDAAA9 /* TestItem.swift */ = {isa = PBXFileReference; lastKnownFileType = sourcecode.swift; path = TestItem.swift; sourceTree = "<group>"; };
		02620B4D257DBD6F00117042 /* SearchBarVC.swift */ = {isa = PBXFileReference; lastKnownFileType = sourcecode.swift; path = SearchBarVC.swift; sourceTree = "<group>"; };
		02620B51257DBD8500117042 /* SearchResultVC1.swift */ = {isa = PBXFileReference; lastKnownFileType = sourcecode.swift; path = SearchResultVC1.swift; sourceTree = "<group>"; };
		02674CC2255E117000F1A1AE /* MetatypeVC.swift */ = {isa = PBXFileReference; lastKnownFileType = sourcecode.swift; path = MetatypeVC.swift; sourceTree = "<group>"; };
		02674CC5255E144100F1A1AE /* BaseViewController.swift */ = {isa = PBXFileReference; fileEncoding = 4; lastKnownFileType = sourcecode.swift; path = BaseViewController.swift; sourceTree = "<group>"; };
		02674CC9255E18B000F1A1AE /* Smiley.swift */ = {isa = PBXFileReference; lastKnownFileType = sourcecode.swift; path = Smiley.swift; sourceTree = "<group>"; };
		02674CCE255E767000F1A1AE /* LazyLoadingVC.swift */ = {isa = PBXFileReference; lastKnownFileType = sourcecode.swift; path = LazyLoadingVC.swift; sourceTree = "<group>"; };
		02674CD4255E779700F1A1AE /* LazyObject.swift */ = {isa = PBXFileReference; lastKnownFileType = sourcecode.swift; path = LazyObject.swift; sourceTree = "<group>"; };
		02987F68257F71CD00537D47 /* SearchResultVC.swift */ = {isa = PBXFileReference; fileEncoding = 4; lastKnownFileType = sourcecode.swift; path = SearchResultVC.swift; sourceTree = "<group>"; };
		02987F69257F71CD00537D47 /* ContainSearchBarVC.swift */ = {isa = PBXFileReference; fileEncoding = 4; lastKnownFileType = sourcecode.swift; path = ContainSearchBarVC.swift; sourceTree = "<group>"; };
		02987F6D257F71E200537D47 /* SwiftTestbed-Bridging-Header.h */ = {isa = PBXFileReference; lastKnownFileType = sourcecode.c.h; path = "SwiftTestbed-Bridging-Header.h"; sourceTree = "<group>"; };
		02C7B9DF256204DB008416F3 /* Team.swift */ = {isa = PBXFileReference; lastKnownFileType = sourcecode.swift; path = Team.swift; sourceTree = "<group>"; };
		02C7B9E3256205C5008416F3 /* CodableDemoVC.swift */ = {isa = PBXFileReference; lastKnownFileType = sourcecode.swift; path = CodableDemoVC.swift; sourceTree = "<group>"; };
		02C7B9E625624D3F008416F3 /* User.swift */ = {isa = PBXFileReference; lastKnownFileType = sourcecode.swift; path = User.swift; sourceTree = "<group>"; };
		02EEDD8A256BA199002BE779 /* CollectionViewVC.swift */ = {isa = PBXFileReference; lastKnownFileType = sourcecode.swift; path = CollectionViewVC.swift; sourceTree = "<group>"; };
		4D9FD506129B18980C3E2035 /* Pods-SwiftTestbed.debug.xcconfig */ = {isa = PBXFileReference; includeInIndex = 1; lastKnownFileType = text.xcconfig; name = "Pods-SwiftTestbed.debug.xcconfig"; path = "Target Support Files/Pods-SwiftTestbed/Pods-SwiftTestbed.debug.xcconfig"; sourceTree = "<group>"; };
		8F8B312D5049E3DFFE3D61BE /* Pods_SwiftTestbed.framework */ = {isa = PBXFileReference; explicitFileType = wrapper.framework; includeInIndex = 0; path = Pods_SwiftTestbed.framework; sourceTree = BUILT_PRODUCTS_DIR; };
		BDF46A9DE10F257BD64EAB4E /* Pods-SwiftTestbed.release.xcconfig */ = {isa = PBXFileReference; includeInIndex = 1; lastKnownFileType = text.xcconfig; name = "Pods-SwiftTestbed.release.xcconfig"; path = "Target Support Files/Pods-SwiftTestbed/Pods-SwiftTestbed.release.xcconfig"; sourceTree = "<group>"; };
/* End PBXFileReference section */

/* Begin PBXFrameworksBuildPhase section */
		025E46D3255D00EE00DDAAA9 /* Frameworks */ = {
			isa = PBXFrameworksBuildPhase;
			buildActionMask = 2147483647;
			files = (
				589947AD7CC4D0136F2EE313 /* Pods_SwiftTestbed.framework in Frameworks */,
			);
			runOnlyForDeploymentPostprocessing = 0;
		};
/* End PBXFrameworksBuildPhase section */

/* Begin PBXGroup section */
		020A03B425C2ABA900C6ECCA /* HUD */ = {
			isa = PBXGroup;
			children = (
				020A03B525C2ABBD00C6ECCA /* HUDVC.swift */,
				020A03BA25C2AC5B00C6ECCA /* SVIndefiniteAnimatedView.h */,
				020A03B925C2AC5B00C6ECCA /* SVIndefiniteAnimatedView.m */,
				020A03B825C2AC5A00C6ECCA /* SwiftTestbed-Bridging-Header.h */,
				020A03C225C2CC5800C6ECCA /* HUD.swift */,
			);
			path = HUD;
			sourceTree = "<group>";
		};
		02183F7225B2D85800905BE7 /* PresentationController */ = {
			isa = PBXGroup;
			children = (
				02183F7325B2D8AF00905BE7 /* PresetationDemoVC.swift */,
				02183F7725B2DEE600905BE7 /* DimPresentationVC.swift */,
				02183F7A25B2DF7500905BE7 /* PayPasswordVC.swift */,
			);
			path = PresentationController;
			sourceTree = "<group>";
		};
		022EFCC5259D63E30074237E /* webview */ = {
			isa = PBXGroup;
			children = (
				022EFCC6259D63ED0074237E /* WebviewVC.swift */,
			);
			path = webview;
			sourceTree = "<group>";
		};
		0230EB022599F5C2008353D7 /* ImageText */ = {
			isa = PBXGroup;
			children = (
				0230EB032599F5DC008353D7 /* ImageTextVC.swift */,
			);
			path = ImageText;
			sourceTree = "<group>";
		};
		02528094257F8DEC0073D5E1 /* Popover */ = {
			isa = PBXGroup;
			children = (
				02528095257F8DFA0073D5E1 /* PopoverVC.swift */,
				02528099257F95F50073D5E1 /* IteamsVC.swift */,
			);
			path = Popover;
			sourceTree = "<group>";
		};
		02564268257F6831002E97FA /* generic */ = {
			isa = PBXGroup;
			children = (
				02564269257F6851002E97FA /* Table.swift */,
				0256426C257F6885002E97FA /* SubTable.swift */,
				0256426F257F6984002E97FA /* GenericsVC.swift */,
			);
			path = generic;
			sourceTree = "<group>";
		};
		0256B27D25639EBE003F87E5 /* PageViewController */ = {
			isa = PBXGroup;
			children = (
				0256B27F2563BCC3003F87E5 /* PageDemoVC.swift */,
				0256B2832563BD00003F87E5 /* PageVC.swift */,
			);
			path = PageViewController;
			sourceTree = "<group>";
		};
		025E46CD255D00EE00DDAAA9 = {
			isa = PBXGroup;
			children = (
				025E46D8255D00EE00DDAAA9 /* SwiftTestbed */,
				025E46D7255D00EE00DDAAA9 /* Products */,
				4E0002249ACC5255C65BA6D6 /* Pods */,
				4EE3467E32D487AAA8C93A2C /* Frameworks */,
			);
			sourceTree = "<group>";
		};
		025E46D7255D00EE00DDAAA9 /* Products */ = {
			isa = PBXGroup;
			children = (
				025E46D6255D00EE00DDAAA9 /* SwiftTestbed.app */,
			);
			name = Products;
			sourceTree = "<group>";
		};
		025E46D8255D00EE00DDAAA9 /* SwiftTestbed */ = {
			isa = PBXGroup;
			children = (
				025E46D9255D00EE00DDAAA9 /* AppDelegate.swift */,
				025E46F2255D01C500DDAAA9 /* NavigationController.swift */,
				025E46F5255D021A00DDAAA9 /* TableViewController.swift */,
				025E46F9255D0AA300DDAAA9 /* TestItem.swift */,
				020A03B425C2ABA900C6ECCA /* HUD */,
				02183F7225B2D85800905BE7 /* PresentationController */,
				022EFCC5259D63E30074237E /* webview */,
				0230EB022599F5C2008353D7 /* ImageText */,
				02528094257F8DEC0073D5E1 /* Popover */,
				02987F67257F71CD00537D47 /* SearchBar */,
				02564268257F6831002E97FA /* generic */,
				02620B4C257DBD4200117042 /* Search1 */,
				02EEDD89256BA174002BE779 /* CollectionView */,
				02C7B9DE2562049F008416F3 /* Codable */,
				02674CCD255E765600F1A1AE /* LazyLoading */,
				02674CC8255E187D00F1A1AE /* Metatype */,
				02674CC5255E144100F1A1AE /* BaseViewController.swift */,
				02987F6D257F71E200537D47 /* SwiftTestbed-Bridging-Header.h */,
				0256B27D25639EBE003F87E5 /* PageViewController */,
				025E46E2255D00F000DDAAA9 /* Assets.xcassets */,
				025E46E4255D00F000DDAAA9 /* LaunchScreen.storyboard */,
				025E46E7255D00F000DDAAA9 /* Info.plist */,
			);
			path = SwiftTestbed;
			sourceTree = "<group>";
		};
		02620B4C257DBD4200117042 /* Search1 */ = {
			isa = PBXGroup;
			children = (
				02620B4D257DBD6F00117042 /* SearchBarVC.swift */,
				02620B51257DBD8500117042 /* SearchResultVC1.swift */,
			);
			path = Search1;
			sourceTree = "<group>";
		};
		02674CC8255E187D00F1A1AE /* Metatype */ = {
			isa = PBXGroup;
			children = (
				02674CC2255E117000F1A1AE /* MetatypeVC.swift */,
				02674CC9255E18B000F1A1AE /* Smiley.swift */,
			);
			path = Metatype;
			sourceTree = "<group>";
		};
		02674CCD255E765600F1A1AE /* LazyLoading */ = {
			isa = PBXGroup;
			children = (
				02674CCE255E767000F1A1AE /* LazyLoadingVC.swift */,
				02674CD4255E779700F1A1AE /* LazyObject.swift */,
			);
			path = LazyLoading;
			sourceTree = "<group>";
		};
		02987F67257F71CD00537D47 /* SearchBar */ = {
			isa = PBXGroup;
			children = (
				02987F68257F71CD00537D47 /* SearchResultVC.swift */,
				02987F69257F71CD00537D47 /* ContainSearchBarVC.swift */,
			);
			path = SearchBar;
			sourceTree = "<group>";
		};
		02C7B9DE2562049F008416F3 /* Codable */ = {
			isa = PBXGroup;
			children = (
				02C7B9E3256205C5008416F3 /* CodableDemoVC.swift */,
				02C7B9DF256204DB008416F3 /* Team.swift */,
				02C7B9E625624D3F008416F3 /* User.swift */,
			);
			path = Codable;
			sourceTree = "<group>";
		};
		02EEDD89256BA174002BE779 /* CollectionView */ = {
			isa = PBXGroup;
			children = (
				02EEDD8A256BA199002BE779 /* CollectionViewVC.swift */,
			);
			path = CollectionView;
			sourceTree = "<group>";
		};
		4E0002249ACC5255C65BA6D6 /* Pods */ = {
			isa = PBXGroup;
			children = (
				4D9FD506129B18980C3E2035 /* Pods-SwiftTestbed.debug.xcconfig */,
				BDF46A9DE10F257BD64EAB4E /* Pods-SwiftTestbed.release.xcconfig */,
			);
			path = Pods;
			sourceTree = "<group>";
		};
		4EE3467E32D487AAA8C93A2C /* Frameworks */ = {
			isa = PBXGroup;
			children = (
				8F8B312D5049E3DFFE3D61BE /* Pods_SwiftTestbed.framework */,
			);
			name = Frameworks;
			sourceTree = "<group>";
		};
/* End PBXGroup section */

/* Begin PBXNativeTarget section */
		025E46D5255D00EE00DDAAA9 /* SwiftTestbed */ = {
			isa = PBXNativeTarget;
			buildConfigurationList = 025E46EA255D00F000DDAAA9 /* Build configuration list for PBXNativeTarget "SwiftTestbed" */;
			buildPhases = (
				22A6C5744BE31A7CBE63D530 /* [CP] Check Pods Manifest.lock */,
				025E46D2255D00EE00DDAAA9 /* Sources */,
				025E46D3255D00EE00DDAAA9 /* Frameworks */,
				025E46D4255D00EE00DDAAA9 /* Resources */,
				D1F8A0ED0983B8A12D389C1F /* [CP] Embed Pods Frameworks */,
			);
			buildRules = (
			);
			dependencies = (
			);
			name = SwiftTestbed;
			productName = SwiftTestbed;
			productReference = 025E46D6255D00EE00DDAAA9 /* SwiftTestbed.app */;
			productType = "com.apple.product-type.application";
		};
/* End PBXNativeTarget section */

/* Begin PBXProject section */
		025E46CE255D00EE00DDAAA9 /* Project object */ = {
			isa = PBXProject;
			attributes = {
				LastSwiftUpdateCheck = 1210;
				LastUpgradeCheck = 1210;
				TargetAttributes = {
					025E46D5255D00EE00DDAAA9 = {
						CreatedOnToolsVersion = 12.1;
						LastSwiftMigration = 1220;
					};
				};
			};
			buildConfigurationList = 025E46D1255D00EE00DDAAA9 /* Build configuration list for PBXProject "SwiftTestbed" */;
			compatibilityVersion = "Xcode 9.3";
			developmentRegion = en;
			hasScannedForEncodings = 0;
			knownRegions = (
				en,
				Base,
			);
			mainGroup = 025E46CD255D00EE00DDAAA9;
			productRefGroup = 025E46D7255D00EE00DDAAA9 /* Products */;
			projectDirPath = "";
			projectRoot = "";
			targets = (
				025E46D5255D00EE00DDAAA9 /* SwiftTestbed */,
			);
		};
/* End PBXProject section */

/* Begin PBXResourcesBuildPhase section */
		025E46D4255D00EE00DDAAA9 /* Resources */ = {
			isa = PBXResourcesBuildPhase;
			buildActionMask = 2147483647;
			files = (
				025E46E6255D00F000DDAAA9 /* LaunchScreen.storyboard in Resources */,
				025E46E3255D00F000DDAAA9 /* Assets.xcassets in Resources */,
			);
			runOnlyForDeploymentPostprocessing = 0;
		};
/* End PBXResourcesBuildPhase section */

/* Begin PBXShellScriptBuildPhase section */
		22A6C5744BE31A7CBE63D530 /* [CP] Check Pods Manifest.lock */ = {
			isa = PBXShellScriptBuildPhase;
			buildActionMask = 2147483647;
			files = (
			);
			inputFileListPaths = (
			);
			inputPaths = (
				"${PODS_PODFILE_DIR_PATH}/Podfile.lock",
				"${PODS_ROOT}/Manifest.lock",
			);
			name = "[CP] Check Pods Manifest.lock";
			outputFileListPaths = (
			);
			outputPaths = (
				"$(DERIVED_FILE_DIR)/Pods-SwiftTestbed-checkManifestLockResult.txt",
			);
			runOnlyForDeploymentPostprocessing = 0;
			shellPath = /bin/sh;
			shellScript = "diff \"${PODS_PODFILE_DIR_PATH}/Podfile.lock\" \"${PODS_ROOT}/Manifest.lock\" > /dev/null\nif [ $? != 0 ] ; then\n    # print error to STDERR\n    echo \"error: The sandbox is not in sync with the Podfile.lock. Run 'pod install' or update your CocoaPods installation.\" >&2\n    exit 1\nfi\n# This output is used by Xcode 'outputs' to avoid re-running this script phase.\necho \"SUCCESS\" > \"${SCRIPT_OUTPUT_FILE_0}\"\n";
			showEnvVarsInLog = 0;
		};
		D1F8A0ED0983B8A12D389C1F /* [CP] Embed Pods Frameworks */ = {
			isa = PBXShellScriptBuildPhase;
			buildActionMask = 2147483647;
			files = (
			);
			inputFileListPaths = (
				"${PODS_ROOT}/Target Support Files/Pods-SwiftTestbed/Pods-SwiftTestbed-frameworks-${CONFIGURATION}-input-files.xcfilelist",
			);
			name = "[CP] Embed Pods Frameworks";
			outputFileListPaths = (
				"${PODS_ROOT}/Target Support Files/Pods-SwiftTestbed/Pods-SwiftTestbed-frameworks-${CONFIGURATION}-output-files.xcfilelist",
			);
			runOnlyForDeploymentPostprocessing = 0;
			shellPath = /bin/sh;
			shellScript = "\"${PODS_ROOT}/Target Support Files/Pods-SwiftTestbed/Pods-SwiftTestbed-frameworks.sh\"\n";
			showEnvVarsInLog = 0;
		};
/* End PBXShellScriptBuildPhase section */

/* Begin PBXSourcesBuildPhase section */
		025E46D2255D00EE00DDAAA9 /* Sources */ = {
			isa = PBXSourcesBuildPhase;
			buildActionMask = 2147483647;
			files = (
				02528096257F8DFA0073D5E1 /* PopoverVC.swift in Sources */,
				02183F7825B2DEE600905BE7 /* DimPresentationVC.swift in Sources */,
				02620B4E257DBD6F00117042 /* SearchBarVC.swift in Sources */,
				0256B2802563BCC3003F87E5 /* PageDemoVC.swift in Sources */,
				02674CCA255E18B000F1A1AE /* Smiley.swift in Sources */,
				020A03C325C2CC5800C6ECCA /* HUD.swift in Sources */,
				02C7B9E4256205C5008416F3 /* CodableDemoVC.swift in Sources */,
				0252809A257F95F50073D5E1 /* IteamsVC.swift in Sources */,
				0256B2842563BD00003F87E5 /* PageVC.swift in Sources */,
				0230EB042599F5DC008353D7 /* ImageTextVC.swift in Sources */,
				02674CC3255E117000F1A1AE /* MetatypeVC.swift in Sources */,
				02183F7B25B2DF7500905BE7 /* PayPasswordVC.swift in Sources */,
				020A03BB25C2AC5B00C6ECCA /* SVIndefiniteAnimatedView.m in Sources */,
				0256426D257F6885002E97FA /* SubTable.swift in Sources */,
				02183F7425B2D8AF00905BE7 /* PresetationDemoVC.swift in Sources */,
				02C7B9E725624D3F008416F3 /* User.swift in Sources */,
				02674CCF255E767000F1A1AE /* LazyLoadingVC.swift in Sources */,
				02674CD5255E779700F1A1AE /* LazyObject.swift in Sources */,
				025E46FA255D0AA300DDAAA9 /* TestItem.swift in Sources */,
				025E46F3255D01C500DDAAA9 /* NavigationController.swift in Sources */,
				02564270257F6984002E97FA /* GenericsVC.swift in Sources */,
				02620B52257DBD8500117042 /* SearchResultVC1.swift in Sources */,
				0256426A257F6851002E97FA /* Table.swift in Sources */,
				02987F6B257F71CD00537D47 /* ContainSearchBarVC.swift in Sources */,
				02987F6A257F71CD00537D47 /* SearchResultVC.swift in Sources */,
				025E46DA255D00EE00DDAAA9 /* AppDelegate.swift in Sources */,
				020A03B625C2ABBD00C6ECCA /* HUDVC.swift in Sources */,
				025E46F6255D021A00DDAAA9 /* TableViewController.swift in Sources */,
				022EFCC7259D63ED0074237E /* WebviewVC.swift in Sources */,
				02C7B9E0256204DB008416F3 /* Team.swift in Sources */,
				02674CC6255E144100F1A1AE /* BaseViewController.swift in Sources */,
				02EEDD8B256BA199002BE779 /* CollectionViewVC.swift in Sources */,
			);
			runOnlyForDeploymentPostprocessing = 0;
		};
/* End PBXSourcesBuildPhase section */

/* Begin PBXVariantGroup section */
		025E46E4255D00F000DDAAA9 /* LaunchScreen.storyboard */ = {
			isa = PBXVariantGroup;
			children = (
				025E46E5255D00F000DDAAA9 /* Base */,
			);
			name = LaunchScreen.storyboard;
			sourceTree = "<group>";
		};
/* End PBXVariantGroup section */

/* Begin XCBuildConfiguration section */
		025E46E8255D00F000DDAAA9 /* Debug */ = {
			isa = XCBuildConfiguration;
			buildSettings = {
				ALWAYS_SEARCH_USER_PATHS = NO;
				CLANG_ANALYZER_NONNULL = YES;
				CLANG_ANALYZER_NUMBER_OBJECT_CONVERSION = YES_AGGRESSIVE;
				CLANG_CXX_LANGUAGE_STANDARD = "gnu++14";
				CLANG_CXX_LIBRARY = "libc++";
				CLANG_ENABLE_MODULES = YES;
				CLANG_ENABLE_OBJC_ARC = YES;
				CLANG_ENABLE_OBJC_WEAK = YES;
				CLANG_WARN_BLOCK_CAPTURE_AUTORELEASING = YES;
				CLANG_WARN_BOOL_CONVERSION = YES;
				CLANG_WARN_COMMA = YES;
				CLANG_WARN_CONSTANT_CONVERSION = YES;
				CLANG_WARN_DEPRECATED_OBJC_IMPLEMENTATIONS = YES;
				CLANG_WARN_DIRECT_OBJC_ISA_USAGE = YES_ERROR;
				CLANG_WARN_DOCUMENTATION_COMMENTS = YES;
				CLANG_WARN_EMPTY_BODY = YES;
				CLANG_WARN_ENUM_CONVERSION = YES;
				CLANG_WARN_INFINITE_RECURSION = YES;
				CLANG_WARN_INT_CONVERSION = YES;
				CLANG_WARN_NON_LITERAL_NULL_CONVERSION = YES;
				CLANG_WARN_OBJC_IMPLICIT_RETAIN_SELF = YES;
				CLANG_WARN_OBJC_LITERAL_CONVERSION = YES;
				CLANG_WARN_OBJC_ROOT_CLASS = YES_ERROR;
				CLANG_WARN_QUOTED_INCLUDE_IN_FRAMEWORK_HEADER = YES;
				CLANG_WARN_RANGE_LOOP_ANALYSIS = YES;
				CLANG_WARN_STRICT_PROTOTYPES = YES;
				CLANG_WARN_SUSPICIOUS_MOVE = YES;
				CLANG_WARN_UNGUARDED_AVAILABILITY = YES_AGGRESSIVE;
				CLANG_WARN_UNREACHABLE_CODE = YES;
				CLANG_WARN__DUPLICATE_METHOD_MATCH = YES;
				COPY_PHASE_STRIP = NO;
				DEBUG_INFORMATION_FORMAT = dwarf;
				ENABLE_STRICT_OBJC_MSGSEND = YES;
				ENABLE_TESTABILITY = YES;
				GCC_C_LANGUAGE_STANDARD = gnu11;
				GCC_DYNAMIC_NO_PIC = NO;
				GCC_NO_COMMON_BLOCKS = YES;
				GCC_OPTIMIZATION_LEVEL = 0;
				GCC_PREPROCESSOR_DEFINITIONS = (
					"DEBUG=1",
					"$(inherited)",
				);
				GCC_WARN_64_TO_32_BIT_CONVERSION = YES;
				GCC_WARN_ABOUT_RETURN_TYPE = YES_ERROR;
				GCC_WARN_UNDECLARED_SELECTOR = YES;
				GCC_WARN_UNINITIALIZED_AUTOS = YES_AGGRESSIVE;
				GCC_WARN_UNUSED_FUNCTION = YES;
				GCC_WARN_UNUSED_VARIABLE = YES;
				IPHONEOS_DEPLOYMENT_TARGET = 10.0;
				MTL_ENABLE_DEBUG_INFO = INCLUDE_SOURCE;
				MTL_FAST_MATH = YES;
				ONLY_ACTIVE_ARCH = YES;
				SDKROOT = iphoneos;
				SWIFT_ACTIVE_COMPILATION_CONDITIONS = DEBUG;
				SWIFT_OPTIMIZATION_LEVEL = "-Onone";
			};
			name = Debug;
		};
		025E46E9255D00F000DDAAA9 /* Release */ = {
			isa = XCBuildConfiguration;
			buildSettings = {
				ALWAYS_SEARCH_USER_PATHS = NO;
				CLANG_ANALYZER_NONNULL = YES;
				CLANG_ANALYZER_NUMBER_OBJECT_CONVERSION = YES_AGGRESSIVE;
				CLANG_CXX_LANGUAGE_STANDARD = "gnu++14";
				CLANG_CXX_LIBRARY = "libc++";
				CLANG_ENABLE_MODULES = YES;
				CLANG_ENABLE_OBJC_ARC = YES;
				CLANG_ENABLE_OBJC_WEAK = YES;
				CLANG_WARN_BLOCK_CAPTURE_AUTORELEASING = YES;
				CLANG_WARN_BOOL_CONVERSION = YES;
				CLANG_WARN_COMMA = YES;
				CLANG_WARN_CONSTANT_CONVERSION = YES;
				CLANG_WARN_DEPRECATED_OBJC_IMPLEMENTATIONS = YES;
				CLANG_WARN_DIRECT_OBJC_ISA_USAGE = YES_ERROR;
				CLANG_WARN_DOCUMENTATION_COMMENTS = YES;
				CLANG_WARN_EMPTY_BODY = YES;
				CLANG_WARN_ENUM_CONVERSION = YES;
				CLANG_WARN_INFINITE_RECURSION = YES;
				CLANG_WARN_INT_CONVERSION = YES;
				CLANG_WARN_NON_LITERAL_NULL_CONVERSION = YES;
				CLANG_WARN_OBJC_IMPLICIT_RETAIN_SELF = YES;
				CLANG_WARN_OBJC_LITERAL_CONVERSION = YES;
				CLANG_WARN_OBJC_ROOT_CLASS = YES_ERROR;
				CLANG_WARN_QUOTED_INCLUDE_IN_FRAMEWORK_HEADER = YES;
				CLANG_WARN_RANGE_LOOP_ANALYSIS = YES;
				CLANG_WARN_STRICT_PROTOTYPES = YES;
				CLANG_WARN_SUSPICIOUS_MOVE = YES;
				CLANG_WARN_UNGUARDED_AVAILABILITY = YES_AGGRESSIVE;
				CLANG_WARN_UNREACHABLE_CODE = YES;
				CLANG_WARN__DUPLICATE_METHOD_MATCH = YES;
				COPY_PHASE_STRIP = NO;
				DEBUG_INFORMATION_FORMAT = "dwarf-with-dsym";
				ENABLE_NS_ASSERTIONS = NO;
				ENABLE_STRICT_OBJC_MSGSEND = YES;
				GCC_C_LANGUAGE_STANDARD = gnu11;
				GCC_NO_COMMON_BLOCKS = YES;
				GCC_WARN_64_TO_32_BIT_CONVERSION = YES;
				GCC_WARN_ABOUT_RETURN_TYPE = YES_ERROR;
				GCC_WARN_UNDECLARED_SELECTOR = YES;
				GCC_WARN_UNINITIALIZED_AUTOS = YES_AGGRESSIVE;
				GCC_WARN_UNUSED_FUNCTION = YES;
				GCC_WARN_UNUSED_VARIABLE = YES;
				IPHONEOS_DEPLOYMENT_TARGET = 10.0;
				MTL_ENABLE_DEBUG_INFO = NO;
				MTL_FAST_MATH = YES;
				SDKROOT = iphoneos;
				SWIFT_COMPILATION_MODE = wholemodule;
				SWIFT_OPTIMIZATION_LEVEL = "-O";
				VALIDATE_PRODUCT = YES;
			};
			name = Release;
		};
		025E46EB255D00F000DDAAA9 /* Debug */ = {
			isa = XCBuildConfiguration;
			baseConfigurationReference = 4D9FD506129B18980C3E2035 /* Pods-SwiftTestbed.debug.xcconfig */;
			buildSettings = {
				ASSETCATALOG_COMPILER_APPICON_NAME = AppIcon;
				ASSETCATALOG_COMPILER_GLOBAL_ACCENT_COLOR_NAME = AccentColor;
				CLANG_ENABLE_MODULES = YES;
				CODE_SIGN_STYLE = Automatic;
				DEVELOPMENT_TEAM = "";
				INFOPLIST_FILE = SwiftTestbed/Info.plist;
				LD_RUNPATH_SEARCH_PATHS = (
					"$(inherited)",
					"@executable_path/Frameworks",
				);
				PRODUCT_BUNDLE_IDENTIFIER = com.firefly.SwiftTestbed;
				PRODUCT_NAME = "$(TARGET_NAME)";
				SWIFT_OBJC_BRIDGING_HEADER = "SwiftTestbed/HUD/SwiftTestbed-Bridging-Header.h";
				SWIFT_OPTIMIZATION_LEVEL = "-Onone";
				SWIFT_VERSION = 5.0;
				TARGETED_DEVICE_FAMILY = "1,2";
			};
			name = Debug;
		};
		025E46EC255D00F000DDAAA9 /* Release */ = {
			isa = XCBuildConfiguration;
			baseConfigurationReference = BDF46A9DE10F257BD64EAB4E /* Pods-SwiftTestbed.release.xcconfig */;
			buildSettings = {
				ASSETCATALOG_COMPILER_APPICON_NAME = AppIcon;
				ASSETCATALOG_COMPILER_GLOBAL_ACCENT_COLOR_NAME = AccentColor;
				CLANG_ENABLE_MODULES = YES;
				CODE_SIGN_STYLE = Automatic;
				DEVELOPMENT_TEAM = "";
				INFOPLIST_FILE = SwiftTestbed/Info.plist;
				LD_RUNPATH_SEARCH_PATHS = (
					"$(inherited)",
					"@executable_path/Frameworks",
				);
				PRODUCT_BUNDLE_IDENTIFIER = com.firefly.SwiftTestbed;
				PRODUCT_NAME = "$(TARGET_NAME)";
				SWIFT_OBJC_BRIDGING_HEADER = "SwiftTestbed/HUD/SwiftTestbed-Bridging-Header.h";
				SWIFT_VERSION = 5.0;
				TARGETED_DEVICE_FAMILY = "1,2";
			};
			name = Release;
		};
/* End XCBuildConfiguration section */

/* Begin XCConfigurationList section */
		025E46D1255D00EE00DDAAA9 /* Build configuration list for PBXProject "SwiftTestbed" */ = {
			isa = XCConfigurationList;
			buildConfigurations = (
				025E46E8255D00F000DDAAA9 /* Debug */,
				025E46E9255D00F000DDAAA9 /* Release */,
			);
			defaultConfigurationIsVisible = 0;
			defaultConfigurationName = Release;
		};
		025E46EA255D00F000DDAAA9 /* Build configuration list for PBXNativeTarget "SwiftTestbed" */ = {
			isa = XCConfigurationList;
			buildConfigurations = (
				025E46EB255D00F000DDAAA9 /* Debug */,
				025E46EC255D00F000DDAAA9 /* Release */,
			);
			defaultConfigurationIsVisible = 0;
			defaultConfigurationName = Release;
		};
/* End XCConfigurationList section */
	};
	rootObject = 025E46CE255D00EE00DDAAA9 /* Project object */;
}
